schema: '2.0'
stages:
  training:
    cmd: python3 src/training/sales_training_main.py --config_file src/training/config/training_params.yaml
    deps:
    - path: data/final/order_test.pqt
      hash: md5
      md5: 44884715a16bea757a3dcb7d54174e5d
      size: 14297449
    - path: data/final/order_training.pqt
      hash: md5
      md5: 22b9130a34e2c525e212f8917c24ef3b
      size: 16541649
    params:
      src/training/config/training_params.yaml:
        max_depth: 100
    outs:
    - path: models/sales_regressor.pkl
      hash: md5
      md5: 37611480b6666156ea6756c56241593e
      size: 185498961
